
Microsoft Visual Studio Solution File, Format Version 12.00
# Visual Studio 15
VisualStudioVersion = 15.0.27130.2036
MinimumVisualStudioVersion = 10.0.40219.1
Project("{8BC9CEB8-8B4A-11D0-8D11-00A0C91BC942}") = "Hello-World-SDK-3", "Hello-World-SDK-3.vcxproj", "{F4615DCD-67CA-479D-87AB-FF227E8DE025}"
EndProject
Global
	GlobalSection(SolutionConfigurationPlatforms) = preSolution
		Debug|x64 = Debug|x64
		Release|x64 = Release|x64
	EndGlobalSection
	GlobalSection(ProjectConfigurationPlatforms) = postSolution
		{F4615DCD-67CA-479D-87AB-FF227E8DE025}.Debug|x64.ActiveCfg = Debug|x64
		{F4615DCD-67CA-479D-87AB-FF227E8DE025}.Debug|x64.Build.0 = Debug|x64
		{F4615DCD-67CA-479D-87AB-FF227E8DE025}.Release|x64.ActiveCfg = Release|x64
		{F4615DCD-67CA-479D-87AB-FF227E8DE025}.Release|x64.Build.0 = Release|x64
	EndGlobalSection
	GlobalSection(SolutionProperties) = preSolution
		HideSolutionNode = FALSE
	EndGlobalSection
	GlobalSection(ExtensibilityGlobals) = postSolution
		SolutionGuid = {6C010C1E-84BA-447B-BE84-F38F01C18CE7}
	EndGlobalSection
EndGlobal
